        # Generated by pub. See: http://pub.dartlang.org/doc/glossary.html#lockfile
         {"packages":{"intl":{"version":"0.4.4+4","source":"hosted","description":"intl"},"parsers":{"version":"0.11.4","source":"hosted","description":"parsers"},"http":{"version":"0.4.4+4","source":"hosted","description":"http"},"unittest":{"version":"0.4.4+4","source":"hosted","description":"unittest"},"pathos":{"version":"0.4.4+4","source":"hosted","description":"pathos"},"analyzer_experimental":{"version":"0.4.4+4","source":"hosted","description":"analyzer_experimental"},"persistent":{"version":"0.5.4","source":"hosted","description":"persistent"},"meta":{"version":"0.4.4+4","source":"hosted","description":"meta"},"args":{"version":"0.4.4+4","source":"hosted","description":"args"}}}
        